// !$*UTF8*$!
{
	archiveVersion = 1;
	classes = {
	};
	objectVersion = 50;
	objects = {

/* Begin PBXBuildFile section */
		3666659D26C81C720009A9DC /* sfml-graphics.framework in Frameworks */ = {isa = PBXBuildFile; fileRef = 3666654B26C81B470009A9DC /* sfml-graphics.framework */; };
		3666659E26C81C720009A9DC /* sfml-graphics.framework in Embed Frameworks */ = {isa = PBXBuildFile; fileRef = 3666654B26C81B470009A9DC /* sfml-graphics.framework */; settings = {ATTRIBUTES = (RemoveHeadersOnCopy, ); }; };
		366665A126C81C720009A9DC /* sfml-system.framework in Frameworks */ = {isa = PBXBuildFile; fileRef = 3666654426C81B470009A9DC /* sfml-system.framework */; };
		366665A226C81C720009A9DC /* sfml-system.framework in Embed Frameworks */ = {isa = PBXBuildFile; fileRef = 3666654426C81B470009A9DC /* sfml-system.framework */; settings = {ATTRIBUTES = (RemoveHeadersOnCopy, ); }; };
		366665A326C81C720009A9DC /* sfml-window.framework in Frameworks */ = {isa = PBXBuildFile; fileRef = 3666654726C81B470009A9DC /* sfml-window.framework */; };
		366665A426C81C720009A9DC /* sfml-window.framework in Embed Frameworks */ = {isa = PBXBuildFile; fileRef = 3666654726C81B470009A9DC /* sfml-window.framework */; settings = {ATTRIBUTES = (RemoveHeadersOnCopy, ); }; };
		366665A526C81C720009A9DC /* SFML.framework in Frameworks */ = {isa = PBXBuildFile; fileRef = 3666654226C81B470009A9DC /* SFML.framework */; };
		366665A626C81C720009A9DC /* SFML.framework in Embed Frameworks */ = {isa = PBXBuildFile; fileRef = 3666654226C81B470009A9DC /* SFML.framework */; settings = {ATTRIBUTES = (RemoveHeadersOnCopy, ); }; };
		366665B226C81E1C0009A9DC /* updateFunctions.cpp in Sources */ = {isa = PBXBuildFile; fileRef = 366665AF26C81E1C0009A9DC /* updateFunctions.cpp */; };
		366665B326C81E1C0009A9DC /* materialClass.cpp in Sources */ = {isa = PBXBuildFile; fileRef = 366665B026C81E1C0009A9DC /* materialClass.cpp */; };
		366665B926C81EF70009A9DC /* freetype.framework in Frameworks */ = {isa = PBXBuildFile; fileRef = 3666653F26C81B470009A9DC /* freetype.framework */; };
		366665BA26C81EF70009A9DC /* freetype.framework in Embed Frameworks */ = {isa = PBXBuildFile; fileRef = 3666653F26C81B470009A9DC /* freetype.framework */; settings = {ATTRIBUTES = (CodeSignOnCopy, RemoveHeadersOnCopy, ); }; };
		366665C526C81F150009A9DC /* ogg.framework in Frameworks */ = {isa = PBXBuildFile; fileRef = 3666654026C81B470009A9DC /* ogg.framework */; };
		366665C626C81F150009A9DC /* ogg.framework in Embed Frameworks */ = {isa = PBXBuildFile; fileRef = 3666654026C81B470009A9DC /* ogg.framework */; settings = {ATTRIBUTES = (CodeSignOnCopy, RemoveHeadersOnCopy, ); }; };
		366665CA26C821E50009A9DC /* renderer.cpp in Sources */ = {isa = PBXBuildFile; fileRef = 366665C826C821E50009A9DC /* renderer.cpp */; };
		368249E126C81766002B43FB /* main.cpp in Sources */ = {isa = PBXBuildFile; fileRef = 368249E026C81766002B43FB /* main.cpp */; };
/* End PBXBuildFile section */

/* Begin PBXCopyFilesBuildPhase section */
		366665AD26C81C720009A9DC /* Embed Frameworks */ = {
			isa = PBXCopyFilesBuildPhase;
			buildActionMask = 2147483647;
			dstPath = "";
			dstSubfolderSpec = 10;
			files = (
				366665BA26C81EF70009A9DC /* freetype.framework in Embed Frameworks */,
				366665A226C81C720009A9DC /* sfml-system.framework in Embed Frameworks */,
				366665A626C81C720009A9DC /* SFML.framework in Embed Frameworks */,
				366665C626C81F150009A9DC /* ogg.framework in Embed Frameworks */,
				366665A426C81C720009A9DC /* sfml-window.framework in Embed Frameworks */,
				3666659E26C81C720009A9DC /* sfml-graphics.framework in Embed Frameworks */,
			);
			name = "Embed Frameworks";
			runOnlyForDeploymentPostprocessing = 0;
		};
/* End PBXCopyFilesBuildPhase section */

/* Begin PBXFileReference section */
		3666653F26C81B470009A9DC /* freetype.framework */ = {isa = PBXFileReference; lastKnownFileType = wrapper.framework; name = freetype.framework; path = ../../../Library/Frameworks/freetype.framework; sourceTree = "<group>"; };
		3666654026C81B470009A9DC /* ogg.framework */ = {isa = PBXFileReference; lastKnownFileType = wrapper.framework; name = ogg.framework; path = ../../../Library/Frameworks/ogg.framework; sourceTree = "<group>"; };
		3666654126C81B470009A9DC /* vorbisenc.framework */ = {isa = PBXFileReference; lastKnownFileType = wrapper.framework; name = vorbisenc.framework; path = ../../../Library/Frameworks/vorbisenc.framework; sourceTree = "<group>"; };
		3666654226C81B470009A9DC /* SFML.framework */ = {isa = PBXFileReference; lastKnownFileType = wrapper.framework; name = SFML.framework; path = ../../../Library/Frameworks/SFML.framework; sourceTree = "<group>"; };
		3666654326C81B470009A9DC /* FLAC.framework */ = {isa = PBXFileReference; lastKnownFileType = wrapper.framework; name = FLAC.framework; path = ../../../Library/Frameworks/FLAC.framework; sourceTree = "<group>"; };
		3666654426C81B470009A9DC /* sfml-system.framework */ = {isa = PBXFileReference; lastKnownFileType = wrapper.framework; name = "sfml-system.framework"; path = "../../../Library/Frameworks/sfml-system.framework"; sourceTree = "<group>"; };
		3666654526C81B470009A9DC /* sfml-network.framework */ = {isa = PBXFileReference; lastKnownFileType = wrapper.framework; name = "sfml-network.framework"; path = "../../../Library/Frameworks/sfml-network.framework"; sourceTree = "<group>"; };
		3666654626C81B470009A9DC /* vorbisfile.framework */ = {isa = PBXFileReference; lastKnownFileType = wrapper.framework; name = vorbisfile.framework; path = ../../../Library/Frameworks/vorbisfile.framework; sourceTree = "<group>"; };
		3666654726C81B470009A9DC /* sfml-window.framework */ = {isa = PBXFileReference; lastKnownFileType = wrapper.framework; name = "sfml-window.framework"; path = "../../../Library/Frameworks/sfml-window.framework"; sourceTree = "<group>"; };
		3666654826C81B470009A9DC /* OpenAL.framework */ = {isa = PBXFileReference; lastKnownFileType = wrapper.framework; name = OpenAL.framework; path = ../../../Library/Frameworks/OpenAL.framework; sourceTree = "<group>"; };
		3666654926C81B470009A9DC /* sfml-audio.framework */ = {isa = PBXFileReference; lastKnownFileType = wrapper.framework; name = "sfml-audio.framework"; path = "../../../Library/Frameworks/sfml-audio.framework"; sourceTree = "<group>"; };
		3666654A26C81B470009A9DC /* vorbis.framework */ = {isa = PBXFileReference; lastKnownFileType = wrapper.framework; name = vorbis.framework; path = ../../../Library/Frameworks/vorbis.framework; sourceTree = "<group>"; };
		3666654B26C81B470009A9DC /* sfml-graphics.framework */ = {isa = PBXFileReference; lastKnownFileType = wrapper.framework; name = "sfml-graphics.framework"; path = "../../../Library/Frameworks/sfml-graphics.framework"; sourceTree = "<group>"; };
		3666656826C81C0C0009A9DC /* sfml-audio.framework */ = {isa = PBXFileReference; lastKnownFileType = wrapper.framework; name = "sfml-audio.framework"; path = "../Terralistic/Dependencies/SFML-2.5.1-macos-clang/Frameworks/sfml-audio.framework"; sourceTree = "<group>"; };
		3666656926C81C0C0009A9DC /* sfml-graphics.framework */ = {isa = PBXFileReference; lastKnownFileType = wrapper.framework; name = "sfml-graphics.framework"; path = "../Terralistic/Dependencies/SFML-2.5.1-macos-clang/Frameworks/sfml-graphics.framework"; sourceTree = "<group>"; };
		3666656A26C81C0C0009A9DC /* sfml-window.framework */ = {isa = PBXFileReference; lastKnownFileType = wrapper.framework; name = "sfml-window.framework"; path = "../Terralistic/Dependencies/SFML-2.5.1-macos-clang/Frameworks/sfml-window.framework"; sourceTree = "<group>"; };
		3666656B26C81C0C0009A9DC /* sfml-system.framework */ = {isa = PBXFileReference; lastKnownFileType = wrapper.framework; name = "sfml-system.framework"; path = "../Terralistic/Dependencies/SFML-2.5.1-macos-clang/Frameworks/sfml-system.framework"; sourceTree = "<group>"; };
		3666656C26C81C0C0009A9DC /* SFML.framework */ = {isa = PBXFileReference; lastKnownFileType = wrapper.framework; name = SFML.framework; path = "../Terralistic/Dependencies/SFML-2.5.1-macos-clang/Frameworks/SFML.framework"; sourceTree = "<group>"; };
		3666656D26C81C0C0009A9DC /* sfml-network.framework */ = {isa = PBXFileReference; lastKnownFileType = wrapper.framework; name = "sfml-network.framework"; path = "../Terralistic/Dependencies/SFML-2.5.1-macos-clang/Frameworks/sfml-network.framework"; sourceTree = "<group>"; };
		3666657B26C81C270009A9DC /* vorbisfile.framework */ = {isa = PBXFileReference; lastKnownFileType = wrapper.framework; name = vorbisfile.framework; path = "../Terralistic/Dependencies/SFML-2.5.1-macos-clang/extlibs/vorbisfile.framework"; sourceTree = "<group>"; };
		3666657C26C81C270009A9DC /* OpenAL.framework */ = {isa = PBXFileReference; lastKnownFileType = wrapper.framework; name = OpenAL.framework; path = "../Terralistic/Dependencies/SFML-2.5.1-macos-clang/extlibs/OpenAL.framework"; sourceTree = "<group>"; };
		3666657D26C81C280009A9DC /* freetype.framework */ = {isa = PBXFileReference; lastKnownFileType = wrapper.framework; name = freetype.framework; path = "../Terralistic/Dependencies/SFML-2.5.1-macos-clang/extlibs/freetype.framework"; sourceTree = "<group>"; };
		3666657E26C81C280009A9DC /* vorbisenc.framework */ = {isa = PBXFileReference; lastKnownFileType = wrapper.framework; name = vorbisenc.framework; path = "../Terralistic/Dependencies/SFML-2.5.1-macos-clang/extlibs/vorbisenc.framework"; sourceTree = "<group>"; };
		3666657F26C81C280009A9DC /* FLAC.framework */ = {isa = PBXFileReference; lastKnownFileType = wrapper.framework; name = FLAC.framework; path = "../Terralistic/Dependencies/SFML-2.5.1-macos-clang/extlibs/FLAC.framework"; sourceTree = "<group>"; };
		3666658026C81C280009A9DC /* ogg.framework */ = {isa = PBXFileReference; lastKnownFileType = wrapper.framework; name = ogg.framework; path = "../Terralistic/Dependencies/SFML-2.5.1-macos-clang/extlibs/ogg.framework"; sourceTree = "<group>"; };
		3666658126C81C280009A9DC /* vorbis.framework */ = {isa = PBXFileReference; lastKnownFileType = wrapper.framework; name = vorbis.framework; path = "../Terralistic/Dependencies/SFML-2.5.1-macos-clang/extlibs/vorbis.framework"; sourceTree = "<group>"; };
		366665AE26C81E1C0009A9DC /* materialClass.hpp */ = {isa = PBXFileReference; fileEncoding = 4; lastKnownFileType = sourcecode.cpp.h; path = materialClass.hpp; sourceTree = "<group>"; };
		366665AF26C81E1C0009A9DC /* updateFunctions.cpp */ = {isa = PBXFileReference; fileEncoding = 4; lastKnownFileType = sourcecode.cpp.cpp; path = updateFunctions.cpp; sourceTree = "<group>"; };
		366665B026C81E1C0009A9DC /* materialClass.cpp */ = {isa = PBXFileReference; fileEncoding = 4; lastKnownFileType = sourcecode.cpp.cpp; path = materialClass.cpp; sourceTree = "<group>"; };
		366665B126C81E1C0009A9DC /* updateFunctions.hpp */ = {isa = PBXFileReference; fileEncoding = 4; lastKnownFileType = sourcecode.cpp.h; path = updateFunctions.hpp; sourceTree = "<group>"; };
		366665B426C81EDB0009A9DC /* SandSimulation.xcodeproj */ = {isa = PBXFileReference; lastKnownFileType = "wrapper.pb-project"; path = SandSimulation.xcodeproj; sourceTree = "<group>"; };
		366665C826C821E50009A9DC /* renderer.cpp */ = {isa = PBXFileReference; lastKnownFileType = sourcecode.cpp.cpp; path = renderer.cpp; sourceTree = "<group>"; };
		366665C926C821E50009A9DC /* renderer.hpp */ = {isa = PBXFileReference; lastKnownFileType = sourcecode.cpp.h; path = renderer.hpp; sourceTree = "<group>"; };
		368249BF26C81473002B43FB /* SandSimulation.app */ = {isa = PBXFileReference; explicitFileType = wrapper.application; includeInIndex = 0; path = SandSimulation.app; sourceTree = BUILT_PRODUCTS_DIR; };
		368249DC26C814A4002B43FB /* SDL2.framework */ = {isa = PBXFileReference; lastKnownFileType = wrapper.framework; name = SDL2.framework; path = ../../../../Library/Frameworks/SDL2.framework; sourceTree = "<group>"; };
		368249E026C81766002B43FB /* main.cpp */ = {isa = PBXFileReference; fileEncoding = 4; lastKnownFileType = sourcecode.cpp.cpp; path = main.cpp; sourceTree = "<group>"; };
/* End PBXFileReference section */

/* Begin PBXFrameworksBuildPhase section */
		368249BC26C81473002B43FB /* Frameworks */ = {
			isa = PBXFrameworksBuildPhase;
			buildActionMask = 2147483647;
			files = (
				366665B926C81EF70009A9DC /* freetype.framework in Frameworks */,
				366665A126C81C720009A9DC /* sfml-system.framework in Frameworks */,
				366665A526C81C720009A9DC /* SFML.framework in Frameworks */,
				366665C526C81F150009A9DC /* ogg.framework in Frameworks */,
				366665A326C81C720009A9DC /* sfml-window.framework in Frameworks */,
				3666659D26C81C720009A9DC /* sfml-graphics.framework in Frameworks */,
			);
			runOnlyForDeploymentPostprocessing = 0;
		};
/* End PBXFrameworksBuildPhase section */

/* Begin PBXGroup section */
		366665B526C81EDB0009A9DC /* Products */ = {
			isa = PBXGroup;
			name = Products;
			sourceTree = "<group>";
		};
		366665C726C821D40009A9DC /* renderer */ = {
			isa = PBXGroup;
			children = (
				366665C926C821E50009A9DC /* renderer.hpp */,
				366665C826C821E50009A9DC /* renderer.cpp */,
			);
			path = renderer;
			sourceTree = "<group>";
		};
		368249B626C81473002B43FB = {
			isa = PBXGroup;
			children = (
				368249C126C81473002B43FB /* SandSimulation */,
				368249C026C81473002B43FB /* Products */,
				368249DB26C814A4002B43FB /* Frameworks */,
			);
			sourceTree = "<group>";
		};
		368249C026C81473002B43FB /* Products */ = {
			isa = PBXGroup;
			children = (
				368249BF26C81473002B43FB /* SandSimulation.app */,
			);
			name = Products;
			sourceTree = "<group>";
		};
		368249C126C81473002B43FB /* SandSimulation */ = {
			isa = PBXGroup;
			children = (
				366665C726C821D40009A9DC /* renderer */,
				366665B026C81E1C0009A9DC /* materialClass.cpp */,
				366665AE26C81E1C0009A9DC /* materialClass.hpp */,
				366665AF26C81E1C0009A9DC /* updateFunctions.cpp */,
				366665B126C81E1C0009A9DC /* updateFunctions.hpp */,
				368249E026C81766002B43FB /* main.cpp */,
			);
			path = SandSimulation;
			sourceTree = "<group>";
		};
		368249DB26C814A4002B43FB /* Frameworks */ = {
			isa = PBXGroup;
			children = (
				366665B426C81EDB0009A9DC /* SandSimulation.xcodeproj */,
				3666657F26C81C280009A9DC /* FLAC.framework */,
				3666657D26C81C280009A9DC /* freetype.framework */,
				3666658026C81C280009A9DC /* ogg.framework */,
				3666657C26C81C270009A9DC /* OpenAL.framework */,
				3666658126C81C280009A9DC /* vorbis.framework */,
				3666657E26C81C280009A9DC /* vorbisenc.framework */,
				3666657B26C81C270009A9DC /* vorbisfile.framework */,
				3666656826C81C0C0009A9DC /* sfml-audio.framework */,
				3666656926C81C0C0009A9DC /* sfml-graphics.framework */,
				3666656D26C81C0C0009A9DC /* sfml-network.framework */,
				3666656B26C81C0C0009A9DC /* sfml-system.framework */,
				3666656A26C81C0C0009A9DC /* sfml-window.framework */,
				3666656C26C81C0C0009A9DC /* SFML.framework */,
				3666654326C81B470009A9DC /* FLAC.framework */,
				3666653F26C81B470009A9DC /* freetype.framework */,
				3666654026C81B470009A9DC /* ogg.framework */,
				3666654826C81B470009A9DC /* OpenAL.framework */,
				3666654926C81B470009A9DC /* sfml-audio.framework */,
				3666654B26C81B470009A9DC /* sfml-graphics.framework */,
				3666654526C81B470009A9DC /* sfml-network.framework */,
				3666654426C81B470009A9DC /* sfml-system.framework */,
				3666654726C81B470009A9DC /* sfml-window.framework */,
				3666654226C81B470009A9DC /* SFML.framework */,
				3666654A26C81B470009A9DC /* vorbis.framework */,
				3666654126C81B470009A9DC /* vorbisenc.framework */,
				3666654626C81B470009A9DC /* vorbisfile.framework */,
				368249DC26C814A4002B43FB /* SDL2.framework */,
			);
			name = Frameworks;
			sourceTree = "<group>";
		};
/* End PBXGroup section */

/* Begin PBXNativeTarget section */
		368249BE26C81473002B43FB /* SandSimulation */ = {
			isa = PBXNativeTarget;
			buildConfigurationList = 368249D326C81474002B43FB /* Build configuration list for PBXNativeTarget "SandSimulation" */;
			buildPhases = (
				368249BB26C81473002B43FB /* Sources */,
				368249BC26C81473002B43FB /* Frameworks */,
				368249BD26C81473002B43FB /* Resources */,
				366665AD26C81C720009A9DC /* Embed Frameworks */,
			);
			buildRules = (
			);
			dependencies = (
			);
			name = SandSimulation;
			productName = SandSimulation;
			productReference = 368249BF26C81473002B43FB /* SandSimulation.app */;
			productType = "com.apple.product-type.application";
		};
/* End PBXNativeTarget section */

/* Begin PBXProject section */
		368249B726C81473002B43FB /* Project object */ = {
			isa = PBXProject;
			attributes = {
				LastUpgradeCheck = 1240;
				TargetAttributes = {
					368249BE26C81473002B43FB = {
						CreatedOnToolsVersion = 12.4;
					};
				};
			};
			buildConfigurationList = 368249BA26C81473002B43FB /* Build configuration list for PBXProject "SandSimulation" */;
			compatibilityVersion = "Xcode 9.3";
			developmentRegion = en;
			hasScannedForEncodings = 0;
			knownRegions = (
				en,
				Base,
			);
			mainGroup = 368249B626C81473002B43FB;
			productRefGroup = 368249C026C81473002B43FB /* Products */;
			projectDirPath = "";
			projectReferences = (
				{
					ProductGroup = 366665B526C81EDB0009A9DC /* Products */;
					ProjectRef = 366665B426C81EDB0009A9DC /* SandSimulation.xcodeproj */;
				},
			);
			projectRoot = "";
			targets = (
				368249BE26C81473002B43FB /* SandSimulation */,
			);
		};
/* End PBXProject section */

/* Begin PBXResourcesBuildPhase section */
		368249BD26C81473002B43FB /* Resources */ = {
			isa = PBXResourcesBuildPhase;
			buildActionMask = 2147483647;
			files = (
			);
			runOnlyForDeploymentPostprocessing = 0;
		};
/* End PBXResourcesBuildPhase section */

/* Begin PBXSourcesBuildPhase section */
		368249BB26C81473002B43FB /* Sources */ = {
			isa = PBXSourcesBuildPhase;
			buildActionMask = 2147483647;
			files = (
				366665B226C81E1C0009A9DC /* updateFunctions.cpp in Sources */,
				366665CA26C821E50009A9DC /* renderer.cpp in Sources */,
				368249E126C81766002B43FB /* main.cpp in Sources */,
				366665B326C81E1C0009A9DC /* materialClass.cpp in Sources */,
			);
			runOnlyForDeploymentPostprocessing = 0;
		};
/* End PBXSourcesBuildPhase section */

/* Begin XCBuildConfiguration section */
		368249D126C81474002B43FB /* Debug */ = {
			isa = XCBuildConfiguration;
			buildSettings = {
				ALWAYS_SEARCH_USER_PATHS = NO;
				CLANG_ANALYZER_NONNULL = YES;
				CLANG_ANALYZER_NUMBER_OBJECT_CONVERSION = YES_AGGRESSIVE;
				CLANG_CXX_LANGUAGE_STANDARD = "gnu++14";
				CLANG_CXX_LIBRARY = "libc++";
				CLANG_ENABLE_MODULES = YES;
				CLANG_ENABLE_OBJC_ARC = YES;
				CLANG_ENABLE_OBJC_WEAK = YES;
				CLANG_WARN_BLOCK_CAPTURE_AUTORELEASING = YES;
				CLANG_WARN_BOOL_CONVERSION = YES;
				CLANG_WARN_COMMA = YES;
				CLANG_WARN_CONSTANT_CONVERSION = YES;
				CLANG_WARN_DEPRECATED_OBJC_IMPLEMENTATIONS = YES;
				CLANG_WARN_DIRECT_OBJC_ISA_USAGE = YES_ERROR;
				CLANG_WARN_DOCUMENTATION_COMMENTS = YES;
				CLANG_WARN_EMPTY_BODY = YES;
				CLANG_WARN_ENUM_CONVERSION = YES;
				CLANG_WARN_INFINITE_RECURSION = YES;
				CLANG_WARN_INT_CONVERSION = YES;
				CLANG_WARN_NON_LITERAL_NULL_CONVERSION = YES;
				CLANG_WARN_OBJC_IMPLICIT_RETAIN_SELF = YES;
				CLANG_WARN_OBJC_LITERAL_CONVERSION = YES;
				CLANG_WARN_OBJC_ROOT_CLASS = YES_ERROR;
				CLANG_WARN_QUOTED_INCLUDE_IN_FRAMEWORK_HEADER = YES;
				CLANG_WARN_RANGE_LOOP_ANALYSIS = YES;
				CLANG_WARN_STRICT_PROTOTYPES = YES;
				CLANG_WARN_SUSPICIOUS_MOVE = YES;
				CLANG_WARN_UNGUARDED_AVAILABILITY = YES_AGGRESSIVE;
				CLANG_WARN_UNREACHABLE_CODE = YES;
				CLANG_WARN__DUPLICATE_METHOD_MATCH = YES;
				COPY_PHASE_STRIP = NO;
				DEBUG_INFORMATION_FORMAT = dwarf;
				ENABLE_STRICT_OBJC_MSGSEND = YES;
				ENABLE_TESTABILITY = YES;
				GCC_C_LANGUAGE_STANDARD = gnu11;
				GCC_DYNAMIC_NO_PIC = NO;
				GCC_NO_COMMON_BLOCKS = YES;
				GCC_OPTIMIZATION_LEVEL = 0;
				GCC_PREPROCESSOR_DEFINITIONS = (
					"DEBUG=1",
					"$(inherited)",
				);
				GCC_WARN_64_TO_32_BIT_CONVERSION = YES;
				GCC_WARN_ABOUT_RETURN_TYPE = YES_ERROR;
				GCC_WARN_UNDECLARED_SELECTOR = YES;
				GCC_WARN_UNINITIALIZED_AUTOS = YES_AGGRESSIVE;
				GCC_WARN_UNUSED_FUNCTION = YES;
				GCC_WARN_UNUSED_VARIABLE = YES;
				MACOSX_DEPLOYMENT_TARGET = 10.15;
				MTL_ENABLE_DEBUG_INFO = INCLUDE_SOURCE;
				MTL_FAST_MATH = YES;
				ONLY_ACTIVE_ARCH = YES;
				SDKROOT = macosx;
			};
			name = Debug;
		};
		368249D226C81474002B43FB /* Release */ = {
			isa = XCBuildConfiguration;
			buildSettings = {
				ALWAYS_SEARCH_USER_PATHS = NO;
				CLANG_ANALYZER_NONNULL = YES;
				CLANG_ANALYZER_NUMBER_OBJECT_CONVERSION = YES_AGGRESSIVE;
				CLANG_CXX_LANGUAGE_STANDARD = "gnu++14";
				CLANG_CXX_LIBRARY = "libc++";
				CLANG_ENABLE_MODULES = YES;
				CLANG_ENABLE_OBJC_ARC = YES;
				CLANG_ENABLE_OBJC_WEAK = YES;
				CLANG_WARN_BLOCK_CAPTURE_AUTORELEASING = YES;
				CLANG_WARN_BOOL_CONVERSION = YES;
				CLANG_WARN_COMMA = YES;
				CLANG_WARN_CONSTANT_CONVERSION = YES;
				CLANG_WARN_DEPRECATED_OBJC_IMPLEMENTATIONS = YES;
				CLANG_WARN_DIRECT_OBJC_ISA_USAGE = YES_ERROR;
				CLANG_WARN_DOCUMENTATION_COMMENTS = YES;
				CLANG_WARN_EMPTY_BODY = YES;
				CLANG_WARN_ENUM_CONVERSION = YES;
				CLANG_WARN_INFINITE_RECURSION = YES;
				CLANG_WARN_INT_CONVERSION = YES;
				CLANG_WARN_NON_LITERAL_NULL_CONVERSION = YES;
				CLANG_WARN_OBJC_IMPLICIT_RETAIN_SELF = YES;
				CLANG_WARN_OBJC_LITERAL_CONVERSION = YES;
				CLANG_WARN_OBJC_ROOT_CLASS = YES_ERROR;
				CLANG_WARN_QUOTED_INCLUDE_IN_FRAMEWORK_HEADER = YES;
				CLANG_WARN_RANGE_LOOP_ANALYSIS = YES;
				CLANG_WARN_STRICT_PROTOTYPES = YES;
				CLANG_WARN_SUSPICIOUS_MOVE = YES;
				CLANG_WARN_UNGUARDED_AVAILABILITY = YES_AGGRESSIVE;
				CLANG_WARN_UNREACHABLE_CODE = YES;
				CLANG_WARN__DUPLICATE_METHOD_MATCH = YES;
				COPY_PHASE_STRIP = NO;
				DEBUG_INFORMATION_FORMAT = "dwarf-with-dsym";
				ENABLE_NS_ASSERTIONS = NO;
				ENABLE_STRICT_OBJC_MSGSEND = YES;
				GCC_C_LANGUAGE_STANDARD = gnu11;
				GCC_NO_COMMON_BLOCKS = YES;
				GCC_WARN_64_TO_32_BIT_CONVERSION = YES;
				GCC_WARN_ABOUT_RETURN_TYPE = YES_ERROR;
				GCC_WARN_UNDECLARED_SELECTOR = YES;
				GCC_WARN_UNINITIALIZED_AUTOS = YES_AGGRESSIVE;
				GCC_WARN_UNUSED_FUNCTION = YES;
				GCC_WARN_UNUSED_VARIABLE = YES;
				MACOSX_DEPLOYMENT_TARGET = 10.15;
				MTL_ENABLE_DEBUG_INFO = NO;
				MTL_FAST_MATH = YES;
				SDKROOT = macosx;
			};
			name = Release;
		};
		368249D426C81474002B43FB /* Debug */ = {
			isa = XCBuildConfiguration;
			buildSettings = {
				ASSETCATALOG_COMPILER_APPICON_NAME = AppIcon;
				ASSETCATALOG_COMPILER_GLOBAL_ACCENT_COLOR_NAME = AccentColor;
				CODE_SIGN_ENTITLEMENTS = SandSimulation/SandSimulation.entitlements;
				CODE_SIGN_STYLE = Automatic;
				COMBINE_HIDPI_IMAGES = YES;
				DEVELOPMENT_TEAM = 4CKFJDZL4P;
				ENABLE_HARDENED_RUNTIME = YES;
				FRAMEWORK_SEARCH_PATHS = (
					"$(inherited)",
					"$(LOCAL_LIBRARY_DIR)/Frameworks",
				);
				INFOPLIST_FILE = SandSimulation/Info.plist;
				LD_RUNPATH_SEARCH_PATHS = (
					"$(inherited)",
					"@executable_path/../Frameworks",
				);
				PRODUCT_BUNDLE_IDENTIFIER = com.zorz42.SandSimulation;
				PRODUCT_NAME = "$(TARGET_NAME)";
			};
			name = Debug;
		};
		368249D526C81474002B43FB /* Release */ = {
			isa = XCBuildConfiguration;
			buildSettings = {
				ASSETCATALOG_COMPILER_APPICON_NAME = AppIcon;
				ASSETCATALOG_COMPILER_GLOBAL_ACCENT_COLOR_NAME = AccentColor;
				CODE_SIGN_ENTITLEMENTS = SandSimulation/SandSimulation.entitlements;
				CODE_SIGN_STYLE = Automatic;
				COMBINE_HIDPI_IMAGES = YES;
				DEVELOPMENT_TEAM = 4CKFJDZL4P;
				ENABLE_HARDENED_RUNTIME = YES;
				FRAMEWORK_SEARCH_PATHS = (
					"$(inherited)",
					"$(LOCAL_LIBRARY_DIR)/Frameworks",
				);
				INFOPLIST_FILE = SandSimulation/Info.plist;
				LD_RUNPATH_SEARCH_PATHS = (
					"$(inherited)",
					"@executable_path/../Frameworks",
				);
				PRODUCT_BUNDLE_IDENTIFIER = com.zorz42.SandSimulation;
				PRODUCT_NAME = "$(TARGET_NAME)";
			};
			name = Release;
		};
/* End XCBuildConfiguration section */

/* Begin XCConfigurationList section */
		368249BA26C81473002B43FB /* Build configuration list for PBXProject "SandSimulation" */ = {
			isa = XCConfigurationList;
			buildConfigurations = (
				368249D126C81474002B43FB /* Debug */,
				368249D226C81474002B43FB /* Release */,
			);
			defaultConfigurationIsVisible = 0;
			defaultConfigurationName = Release;
		};
		368249D326C81474002B43FB /* Build configuration list for PBXNativeTarget "SandSimulation" */ = {
			isa = XCConfigurationList;
			buildConfigurations = (
				368249D426C81474002B43FB /* Debug */,
				368249D526C81474002B43FB /* Release */,
			);
			defaultConfigurationIsVisible = 0;
			defaultConfigurationName = Release;
		};
/* End XCConfigurationList section */
	};
	rootObject = 368249B726C81473002B43FB /* Project object */;
}
